
Microsoft Visual Studio Solution File, Format Version 12.00
# Visual Studio Version 17
VisualStudioVersion = 17.5.33424.131
MinimumVisualStudioVersion = 10.0.40219.1
Project("{9A19103F-16F7-4668-BE54-9A1E7A4F7556}") = "Loja.Inspiracao.Produto.Api", "src\Loja.Inspiracao.Produto.Api\Loja.Inspiracao.Produto.Api.csproj", "{707D45EB-B4E1-4F38-9FCF-AC03A205CCAD}"
EndProject
Project("{9A19103F-16F7-4668-BE54-9A1E7A4F7556}") = "Loja.Inspiracao.Produto.Application", "src\Loja.Inspiracao.Produto.Application\Loja.Inspiracao.Produto.Application.csproj", "{DD5F6C1F-038B-4DF4-9120-4C81F9A32638}"
EndProject
Project("{9A19103F-16F7-4668-BE54-9A1E7A4F7556}") = "Loja.Inspiracao.Produto.Domain", "src\Loja.Inspiracao.Produto.Domain\Loja.Inspiracao.Produto.Domain.csproj", "{94EC1CA8-F351-429D-9077-FC6A926B15D9}"
EndProject
Project("{9A19103F-16F7-4668-BE54-9A1E7A4F7556}") = "Loja.Inspiracao.Produto.Infra.Data", "src\Loja.Inspiracao.Produto.Infra.Data\Loja.Inspiracao.Produto.Infra.Data.csproj", "{F5658B6E-B191-42F9-9CCD-FB5E42060927}"
EndProject
Project("{9A19103F-16F7-4668-BE54-9A1E7A4F7556}") = "Loja.Inspiracao.Produto.Infra.IoC", "src\Loja.Inspiracao.Produto.Infra.IoC\Loja.Inspiracao.Produto.Infra.IoC.csproj", "{BDDF651E-B9E4-4383-BD24-CB79C70BE646}"
EndProject
Global
	GlobalSection(SolutionConfigurationPlatforms) = preSolution
		Debug|Any CPU = Debug|Any CPU
		Release|Any CPU = Release|Any CPU
	EndGlobalSection
	GlobalSection(ProjectConfigurationPlatforms) = postSolution
		{707D45EB-B4E1-4F38-9FCF-AC03A205CCAD}.Debug|Any CPU.ActiveCfg = Debug|Any CPU
		{707D45EB-B4E1-4F38-9FCF-AC03A205CCAD}.Debug|Any CPU.Build.0 = Debug|Any CPU
		{707D45EB-B4E1-4F38-9FCF-AC03A205CCAD}.Release|Any CPU.ActiveCfg = Release|Any CPU
		{707D45EB-B4E1-4F38-9FCF-AC03A205CCAD}.Release|Any CPU.Build.0 = Release|Any CPU
		{DD5F6C1F-038B-4DF4-9120-4C81F9A32638}.Debug|Any CPU.ActiveCfg = Debug|Any CPU
		{DD5F6C1F-038B-4DF4-9120-4C81F9A32638}.Debug|Any CPU.Build.0 = Debug|Any CPU
		{DD5F6C1F-038B-4DF4-9120-4C81F9A32638}.Release|Any CPU.ActiveCfg = Release|Any CPU
		{DD5F6C1F-038B-4DF4-9120-4C81F9A32638}.Release|Any CPU.Build.0 = Release|Any CPU
		{94EC1CA8-F351-429D-9077-FC6A926B15D9}.Debug|Any CPU.ActiveCfg = Debug|Any CPU
		{94EC1CA8-F351-429D-9077-FC6A926B15D9}.Debug|Any CPU.Build.0 = Debug|Any CPU
		{94EC1CA8-F351-429D-9077-FC6A926B15D9}.Release|Any CPU.ActiveCfg = Release|Any CPU
		{94EC1CA8-F351-429D-9077-FC6A926B15D9}.Release|Any CPU.Build.0 = Release|Any CPU
		{F5658B6E-B191-42F9-9CCD-FB5E42060927}.Debug|Any CPU.ActiveCfg = Debug|Any CPU
		{F5658B6E-B191-42F9-9CCD-FB5E42060927}.Debug|Any CPU.Build.0 = Debug|Any CPU
		{F5658B6E-B191-42F9-9CCD-FB5E42060927}.Release|Any CPU.ActiveCfg = Release|Any CPU
		{F5658B6E-B191-42F9-9CCD-FB5E42060927}.Release|Any CPU.Build.0 = Release|Any CPU
		{BDDF651E-B9E4-4383-BD24-CB79C70BE646}.Debug|Any CPU.ActiveCfg = Debug|Any CPU
		{BDDF651E-B9E4-4383-BD24-CB79C70BE646}.Debug|Any CPU.Build.0 = Debug|Any CPU
		{BDDF651E-B9E4-4383-BD24-CB79C70BE646}.Release|Any CPU.ActiveCfg = Release|Any CPU
		{BDDF651E-B9E4-4383-BD24-CB79C70BE646}.Release|Any CPU.Build.0 = Release|Any CPU
	EndGlobalSection
	GlobalSection(SolutionProperties) = preSolution
		HideSolutionNode = FALSE
	EndGlobalSection
	GlobalSection(ExtensibilityGlobals) = postSolution
		SolutionGuid = {FB8C13AF-31DC-417D-9328-6F3D8DAA6B18}
	EndGlobalSection
EndGlobal
